
Microsoft Visual Studio Solution File, Format Version 12.00
# Visual Studio Version 17
VisualStudioVersion = 17.1.32407.343
MinimumVisualStudioVersion = 10.0.40219.1
Project("{D2ABAB84-BF74-430A-B69E-9DC6D40DDA17}") = "BikeStoresDW", "BikeStoresDW\BikeStoresDW.dwproj", "{AE97E620-770E-4E8B-B3E4-7AF6B5F3E924}"
EndProject
Global
	GlobalSection(SolutionConfigurationPlatforms) = preSolution
		Development|Default = Development|Default
	EndGlobalSection
	GlobalSection(ProjectConfigurationPlatforms) = postSolution
		{AE97E620-770E-4E8B-B3E4-7AF6B5F3E924}.Development|Default.ActiveCfg = Development
		{AE97E620-770E-4E8B-B3E4-7AF6B5F3E924}.Development|Default.Build.0 = Development
		{AE97E620-770E-4E8B-B3E4-7AF6B5F3E924}.Development|Default.Deploy.0 = Development
	EndGlobalSection
	GlobalSection(SolutionProperties) = preSolution
		HideSolutionNode = FALSE
	EndGlobalSection
	GlobalSection(ExtensibilityGlobals) = postSolution
		SolutionGuid = {FCAF4AD3-8F39-4500-8B2A-F5B161FD7E6A}
	EndGlobalSection
EndGlobal
